
Microsoft Visual Studio Solution File, Format Version 12.00
# Visual Studio 2012
Project("{FAE04EC0-301F-11D3-BF4B-00C04F79EFBC}") = "Testlabb1", "Testlabb1.csproj", "{B5186EA0-3108-4669-969A-D673265D1F46}"
EndProject
Project("{FAE04EC0-301F-11D3-BF4B-00C04F79EFBC}") = "UnitTestTriangle", "..\UnitTestTriangle\UnitTestTriangle.csproj", "{0BAF149F-5BA9-4C39-A34A-EB647FD5BF1E}"
EndProject
Global
	GlobalSection(SolutionConfigurationPlatforms) = preSolution
		Debug|Any CPU = Debug|Any CPU
		Release|Any CPU = Release|Any CPU
	EndGlobalSection
	GlobalSection(ProjectConfigurationPlatforms) = postSolution
		{B5186EA0-3108-4669-969A-D673265D1F46}.Debug|Any CPU.ActiveCfg = Debug|Any CPU
		{B5186EA0-3108-4669-969A-D673265D1F46}.Debug|Any CPU.Build.0 = Debug|Any CPU
		{B5186EA0-3108-4669-969A-D673265D1F46}.Release|Any CPU.ActiveCfg = Release|Any CPU
		{B5186EA0-3108-4669-969A-D673265D1F46}.Release|Any CPU.Build.0 = Release|Any CPU
		{0BAF149F-5BA9-4C39-A34A-EB647FD5BF1E}.Debug|Any CPU.ActiveCfg = Debug|Any CPU
		{0BAF149F-5BA9-4C39-A34A-EB647FD5BF1E}.Debug|Any CPU.Build.0 = Debug|Any CPU
		{0BAF149F-5BA9-4C39-A34A-EB647FD5BF1E}.Release|Any CPU.ActiveCfg = Release|Any CPU
		{0BAF149F-5BA9-4C39-A34A-EB647FD5BF1E}.Release|Any CPU.Build.0 = Release|Any CPU
	EndGlobalSection
	GlobalSection(SolutionProperties) = preSolution
		HideSolutionNode = FALSE
	EndGlobalSection
EndGlobal
